
Microsoft Visual Studio Solution File, Format Version 12.00
# Visual Studio Version 17
VisualStudioVersion = 17.9.34728.123
MinimumVisualStudioVersion = 10.0.40219.1
Project("{9A19103F-16F7-4668-BE54-9A1E7A4F7556}") = "One", "One\One.csproj", "{F374F232-E8CC-4B6F-A4E7-2567ECCADC53}"
EndProject
Project("{9A19103F-16F7-4668-BE54-9A1E7A4F7556}") = "Palindrom", "Palindrom\Palindrom.csproj", "{50CB96EF-5B08-4CF9-90C2-F4916B0C0764}"
EndProject
Project("{FAE04EC0-301F-11D3-BF4B-00C04F79EFBC}") = "RomanNumberConverter", "RomanNumberConverter\RomanNumberConverter.csproj", "{7ED147D5-4B1F-4A4E-A966-88EDB2B50EEA}"
EndProject
Project("{FAE04EC0-301F-11D3-BF4B-00C04F79EFBC}") = "EnUzunOrtakOnek", "EnUzunOrtakOnek\EnUzunOrtakOnek.csproj", "{7B65D050-7BD9-494A-836A-BBC4B1974DF2}"
EndProject
Global
	GlobalSection(SolutionConfigurationPlatforms) = preSolution
		Debug|Any CPU = Debug|Any CPU
		Release|Any CPU = Release|Any CPU
	EndGlobalSection
	GlobalSection(ProjectConfigurationPlatforms) = postSolution
		{F374F232-E8CC-4B6F-A4E7-2567ECCADC53}.Debug|Any CPU.ActiveCfg = Debug|Any CPU
		{F374F232-E8CC-4B6F-A4E7-2567ECCADC53}.Debug|Any CPU.Build.0 = Debug|Any CPU
		{F374F232-E8CC-4B6F-A4E7-2567ECCADC53}.Release|Any CPU.ActiveCfg = Release|Any CPU
		{F374F232-E8CC-4B6F-A4E7-2567ECCADC53}.Release|Any CPU.Build.0 = Release|Any CPU
		{50CB96EF-5B08-4CF9-90C2-F4916B0C0764}.Debug|Any CPU.ActiveCfg = Debug|Any CPU
		{50CB96EF-5B08-4CF9-90C2-F4916B0C0764}.Debug|Any CPU.Build.0 = Debug|Any CPU
		{50CB96EF-5B08-4CF9-90C2-F4916B0C0764}.Release|Any CPU.ActiveCfg = Release|Any CPU
		{50CB96EF-5B08-4CF9-90C2-F4916B0C0764}.Release|Any CPU.Build.0 = Release|Any CPU
		{7ED147D5-4B1F-4A4E-A966-88EDB2B50EEA}.Debug|Any CPU.ActiveCfg = Debug|Any CPU
		{7ED147D5-4B1F-4A4E-A966-88EDB2B50EEA}.Debug|Any CPU.Build.0 = Debug|Any CPU
		{7ED147D5-4B1F-4A4E-A966-88EDB2B50EEA}.Release|Any CPU.ActiveCfg = Release|Any CPU
		{7ED147D5-4B1F-4A4E-A966-88EDB2B50EEA}.Release|Any CPU.Build.0 = Release|Any CPU
		{7B65D050-7BD9-494A-836A-BBC4B1974DF2}.Debug|Any CPU.ActiveCfg = Debug|Any CPU
		{7B65D050-7BD9-494A-836A-BBC4B1974DF2}.Debug|Any CPU.Build.0 = Debug|Any CPU
		{7B65D050-7BD9-494A-836A-BBC4B1974DF2}.Release|Any CPU.ActiveCfg = Release|Any CPU
		{7B65D050-7BD9-494A-836A-BBC4B1974DF2}.Release|Any CPU.Build.0 = Release|Any CPU
	EndGlobalSection
	GlobalSection(SolutionProperties) = preSolution
		HideSolutionNode = FALSE
	EndGlobalSection
	GlobalSection(ExtensibilityGlobals) = postSolution
		SolutionGuid = {7AA12F58-35B9-49DB-B3A5-23B6802EA389}
	EndGlobalSection
EndGlobal
